{
  "name": "codex-docker-meta",
  "version": "0.0.0",
  "lockfileVersion": 3,
  "requires": true,
  "packages": {
    "": {
      "name": "codex-docker-meta",
      "version": "0.0.0",
      "license": "MIT",
      "dependencies": {
        "@openai/codex": "0.96.0"
      }
    },
    "node_modules/@openai/codex": {
      "version": "0.96.0",
      "resolved": "https://registry.npmjs.org/@openai/codex/-/codex-0.96.0.tgz",
      "integrity": "sha512-rc6+UGvRPIy53j5Ta7tBd0Vv+UcbzD8+5y6aqmuTArTFNDoZJblc3Pvror3IQDpaBpRyQtJGd0NbA9Did57LyA==",
      "license": "Apache-2.0",
      "bin": {
        "codex": "bin/codex.js"
      },
      "engines": {
        "node": ">=16"
      }
    }
  }
}
