{
  "name": "codex-docker-meta",
  "version": "0.0.0",
  "lockfileVersion": 3,
  "requires": true,
  "packages": {
    "": {
      "name": "codex-docker-meta",
      "version": "0.0.0",
      "license": "MIT",
      "dependencies": {
        "@openai/codex": "0.88.0"
      }
    },
    "node_modules/@openai/codex": {
      "version": "0.88.0",
      "resolved": "https://registry.npmjs.org/@openai/codex/-/codex-0.88.0.tgz",
      "integrity": "sha512-tZF1SpcVPZBEGYXTcpHUpg5TXorxofllHo7qGyz6iejQjk8bV1kRMvcHewyx83dGiSknM/OrG71zGDyaiBKPhg==",
      "license": "Apache-2.0",
      "bin": {
        "codex": "bin/codex.js"
      },
      "engines": {
        "node": ">=16"
      }
    }
  }
}
