{
  "name": "codex-docker-meta",
  "version": "0.0.0",
  "lockfileVersion": 3,
  "requires": true,
  "packages": {
    "": {
      "name": "codex-docker-meta",
      "version": "0.0.0",
      "license": "MIT",
      "dependencies": {
        "@openai/codex": "0.102.0"
      }
    },
    "node_modules/@openai/codex": {
      "version": "0.102.0",
      "resolved": "https://registry.npmjs.org/@openai/codex/-/codex-0.102.0.tgz",
      "integrity": "sha512-RovQfP+f/D7aiurMNT/ZLNz6EeeOMG/qrvS3m3ONrhWoFaz2xlPRSMlatzw5JKAd7+scCWUBCqA5rp56DyLoXA==",
      "license": "Apache-2.0",
      "bin": {
        "codex": "bin/codex.js"
      },
      "engines": {
        "node": ">=16"
      },
      "optionalDependencies": {
        "@openai/codex-darwin-arm64": "npm:@openai/codex@0.102.0-darwin-arm64",
        "@openai/codex-darwin-x64": "npm:@openai/codex@0.102.0-darwin-x64",
        "@openai/codex-linux-arm64": "npm:@openai/codex@0.102.0-linux-arm64",
        "@openai/codex-linux-x64": "npm:@openai/codex@0.102.0-linux-x64",
        "@openai/codex-win32-arm64": "npm:@openai/codex@0.102.0-win32-arm64",
        "@openai/codex-win32-x64": "npm:@openai/codex@0.102.0-win32-x64"
      }
    },
    "node_modules/@openai/codex-darwin-arm64": {
      "name": "@openai/codex",
      "version": "0.102.0-darwin-arm64",
      "resolved": "https://registry.npmjs.org/@openai/codex/-/codex-0.102.0-darwin-arm64.tgz",
      "integrity": "sha512-jVmdq+vIOHLHCheSakGOSYhFpLnXb8TxKBhX6CYAYt/j7OCtbxlOdCKRuaK8mBhr7ZEnh1rzpn9Qg1dap3FFdg==",
      "cpu": [
        "arm64"
      ],
      "license": "Apache-2.0",
      "optional": true,
      "os": [
        "darwin"
      ],
      "engines": {
        "node": ">=16"
      }
    },
    "node_modules/@openai/codex-darwin-x64": {
      "name": "@openai/codex",
      "version": "0.102.0-darwin-x64",
      "resolved": "https://registry.npmjs.org/@openai/codex/-/codex-0.102.0-darwin-x64.tgz",
      "integrity": "sha512-FVavbk1yKvVY6rzE3J68tE8ockc6yVGyj4ZAUueCeWxd3PdfBrKRWc0lKdE368cIm0fn78iGSJ3ddkweE5HPOg==",
      "cpu": [
        "x64"
      ],
      "license": "Apache-2.0",
      "optional": true,
      "os": [
        "darwin"
      ],
      "engines": {
        "node": ">=16"
      }
    },
    "node_modules/@openai/codex-linux-arm64": {
      "name": "@openai/codex",
      "version": "0.102.0-linux-arm64",
      "resolved": "https://registry.npmjs.org/@openai/codex/-/codex-0.102.0-linux-arm64.tgz",
      "integrity": "sha512-4LbNmHsglE/yWb0D9YHoOm0QvECqM6JDGHq08fynNVsG2HKC6j40uxnxO589+ruOFaDHdOA2bnJbKfDyxNjcfA==",
      "cpu": [
        "arm64"
      ],
      "license": "Apache-2.0",
      "optional": true,
      "os": [
        "linux"
      ],
      "engines": {
        "node": ">=16"
      }
    },
    "node_modules/@openai/codex-linux-x64": {
      "name": "@openai/codex",
      "version": "0.102.0-linux-x64",
      "resolved": "https://registry.npmjs.org/@openai/codex/-/codex-0.102.0-linux-x64.tgz",
      "integrity": "sha512-5Ff96ALwxuCwOcgZJCu+oLP1pLhnuICCrPJCZVM81wU7V9f2kFR++3avm0ebmnIpyPOT/1IF8IbgfsoeIXP3kg==",
      "cpu": [
        "x64"
      ],
      "license": "Apache-2.0",
      "optional": true,
      "os": [
        "linux"
      ],
      "engines": {
        "node": ">=16"
      }
    },
    "node_modules/@openai/codex/node_modules/@openai/codex-win32-arm64": {
      "optional": true
    },
    "node_modules/@openai/codex/node_modules/@openai/codex-win32-x64": {
      "optional": true
    }
  }
}
